
Microsoft Visual Studio Solution File, Format Version 12.00
Project("{FAE04EC0-301F-11D3-BF4B-00C04F79EFBC}") = "Melodex", "Melodex\Melodex.csproj", "{71C44E92-3323-4460-BA2E-8921186F4C5A}"
EndProject
Project("{FAE04EC0-301F-11D3-BF4B-00C04F79EFBC}") = "MelodexLibrary", "MelodexLibrary\MelodexLibrary.csproj", "{043520CA-CF2A-4A53-BFCE-719373240689}"
EndProject
Global
	GlobalSection(SolutionConfigurationPlatforms) = preSolution
		Debug|Any CPU = Debug|Any CPU
		Release|Any CPU = Release|Any CPU
	EndGlobalSection
	GlobalSection(ProjectConfigurationPlatforms) = postSolution
		{71C44E92-3323-4460-BA2E-8921186F4C5A}.Debug|Any CPU.ActiveCfg = Debug|Any CPU
		{71C44E92-3323-4460-BA2E-8921186F4C5A}.Debug|Any CPU.Build.0 = Debug|Any CPU
		{71C44E92-3323-4460-BA2E-8921186F4C5A}.Release|Any CPU.ActiveCfg = Release|Any CPU
		{71C44E92-3323-4460-BA2E-8921186F4C5A}.Release|Any CPU.Build.0 = Release|Any CPU
		{043520CA-CF2A-4A53-BFCE-719373240689}.Debug|Any CPU.ActiveCfg = Debug|Any CPU
		{043520CA-CF2A-4A53-BFCE-719373240689}.Debug|Any CPU.Build.0 = Debug|Any CPU
		{043520CA-CF2A-4A53-BFCE-719373240689}.Release|Any CPU.ActiveCfg = Release|Any CPU
		{043520CA-CF2A-4A53-BFCE-719373240689}.Release|Any CPU.Build.0 = Release|Any CPU
	EndGlobalSection
EndGlobal
